// !$*UTF8*$!
{
	archiveVersion = 1;
	classes = {
	};
	objectVersion = 46;
	objects = {

/* Begin PBXBuildFile section */
		88B41E0D1BEDB57E000C24DE /* NearClient.swift in Sources */ = {isa = PBXBuildFile; fileRef = 88B41E0C1BEDB57E000C24DE /* NearClient.swift */; };
		88B41E0F1BEDB6F4000C24DE /* Reminder.swift in Sources */ = {isa = PBXBuildFile; fileRef = 88B41E0E1BEDB6F4000C24DE /* Reminder.swift */; };
		88B41E111BEDBC5E000C24DE /* WithClient.swift in Sources */ = {isa = PBXBuildFile; fileRef = 88B41E101BEDBC5E000C24DE /* WithClient.swift */; };
		88B41E131BEDBCE0000C24DE /* ReminderClient.swift in Sources */ = {isa = PBXBuildFile; fileRef = 88B41E121BEDBCE0000C24DE /* ReminderClient.swift */; };
		AF80A385222C3F9FBC24BAF2 /* Pods.framework in Frameworks */ = {isa = PBXBuildFile; fileRef = 3FCF7E9B4DD011B8CFC4F2F4 /* Pods.framework */; };
		D726DA991BEDD8A7001A9E6E /* LoginViewController.swift in Sources */ = {isa = PBXBuildFile; fileRef = D726DA981BEDD8A7001A9E6E /* LoginViewController.swift */; };
		D726DA9B1BEDD93E001A9E6E /* ListViewController.swift in Sources */ = {isa = PBXBuildFile; fileRef = D726DA9A1BEDD93E001A9E6E /* ListViewController.swift */; };
		D726DA9D1BEDE1B8001A9E6E /* ListViewCell.swift in Sources */ = {isa = PBXBuildFile; fileRef = D726DA9C1BEDE1B8001A9E6E /* ListViewCell.swift */; };
		D7E19B291BEDACF900E6533D /* AppDelegate.swift in Sources */ = {isa = PBXBuildFile; fileRef = D7E19B281BEDACF900E6533D /* AppDelegate.swift */; };
		D7E19B2B1BEDACF900E6533D /* SingleViewController.swift in Sources */ = {isa = PBXBuildFile; fileRef = D7E19B2A1BEDACF900E6533D /* SingleViewController.swift */; };
		D7E19B2E1BEDACF900E6533D /* Main.storyboard in Resources */ = {isa = PBXBuildFile; fileRef = D7E19B2C1BEDACF900E6533D /* Main.storyboard */; };
		D7E19B311BEDACF900E6533D /* nexttime.xcdatamodeld in Sources */ = {isa = PBXBuildFile; fileRef = D7E19B2F1BEDACF900E6533D /* nexttime.xcdatamodeld */; };
		D7E19B331BEDACF900E6533D /* Assets.xcassets in Resources */ = {isa = PBXBuildFile; fileRef = D7E19B321BEDACF900E6533D /* Assets.xcassets */; };
		D7E19B361BEDACF900E6533D /* LaunchScreen.storyboard in Resources */ = {isa = PBXBuildFile; fileRef = D7E19B341BEDACF900E6533D /* LaunchScreen.storyboard */; };
/* End PBXBuildFile section */

/* Begin PBXFileReference section */
		3FCF7E9B4DD011B8CFC4F2F4 /* Pods.framework */ = {isa = PBXFileReference; explicitFileType = wrapper.framework; includeInIndex = 0; path = Pods.framework; sourceTree = BUILT_PRODUCTS_DIR; };
		4AE09C84518A5F87562C8625 /* Pods.release.xcconfig */ = {isa = PBXFileReference; includeInIndex = 1; lastKnownFileType = text.xcconfig; name = Pods.release.xcconfig; path = "Pods/Target Support Files/Pods/Pods.release.xcconfig"; sourceTree = "<group>"; };
		7836193807BC60A3F2A2946A /* Pods.debug.xcconfig */ = {isa = PBXFileReference; includeInIndex = 1; lastKnownFileType = text.xcconfig; name = Pods.debug.xcconfig; path = "Pods/Target Support Files/Pods/Pods.debug.xcconfig"; sourceTree = "<group>"; };
		88B41E0C1BEDB57E000C24DE /* NearClient.swift */ = {isa = PBXFileReference; fileEncoding = 4; lastKnownFileType = sourcecode.swift; name = NearClient.swift; path = ../NearClient.swift; sourceTree = "<group>"; };
		88B41E0E1BEDB6F4000C24DE /* Reminder.swift */ = {isa = PBXFileReference; fileEncoding = 4; lastKnownFileType = sourcecode.swift; path = Reminder.swift; sourceTree = "<group>"; };
		88B41E101BEDBC5E000C24DE /* WithClient.swift */ = {isa = PBXFileReference; fileEncoding = 4; lastKnownFileType = sourcecode.swift; path = WithClient.swift; sourceTree = "<group>"; };
		88B41E121BEDBCE0000C24DE /* ReminderClient.swift */ = {isa = PBXFileReference; fileEncoding = 4; lastKnownFileType = sourcecode.swift; path = ReminderClient.swift; sourceTree = "<group>"; };
		D726DA981BEDD8A7001A9E6E /* LoginViewController.swift */ = {isa = PBXFileReference; fileEncoding = 4; lastKnownFileType = sourcecode.swift; path = LoginViewController.swift; sourceTree = "<group>"; };
		D726DA9A1BEDD93E001A9E6E /* ListViewController.swift */ = {isa = PBXFileReference; fileEncoding = 4; lastKnownFileType = sourcecode.swift; path = ListViewController.swift; sourceTree = "<group>"; };
		D726DA9C1BEDE1B8001A9E6E /* ListViewCell.swift */ = {isa = PBXFileReference; fileEncoding = 4; lastKnownFileType = sourcecode.swift; path = ListViewCell.swift; sourceTree = "<group>"; };
		D7E19B251BEDACF900E6533D /* nexttime.app */ = {isa = PBXFileReference; explicitFileType = wrapper.application; includeInIndex = 0; path = nexttime.app; sourceTree = BUILT_PRODUCTS_DIR; };
		D7E19B281BEDACF900E6533D /* AppDelegate.swift */ = {isa = PBXFileReference; lastKnownFileType = sourcecode.swift; path = AppDelegate.swift; sourceTree = "<group>"; };
		D7E19B2A1BEDACF900E6533D /* SingleViewController.swift */ = {isa = PBXFileReference; lastKnownFileType = sourcecode.swift; path = SingleViewController.swift; sourceTree = "<group>"; };
		D7E19B2D1BEDACF900E6533D /* Base */ = {isa = PBXFileReference; lastKnownFileType = file.storyboard; name = Base; path = Base.lproj/Main.storyboard; sourceTree = "<group>"; };
		D7E19B301BEDACF900E6533D /* nexttime.xcdatamodel */ = {isa = PBXFileReference; lastKnownFileType = wrapper.xcdatamodel; path = nexttime.xcdatamodel; sourceTree = "<group>"; };
		D7E19B321BEDACF900E6533D /* Assets.xcassets */ = {isa = PBXFileReference; lastKnownFileType = folder.assetcatalog; path = Assets.xcassets; sourceTree = "<group>"; };
		D7E19B351BEDACF900E6533D /* Base */ = {isa = PBXFileReference; lastKnownFileType = file.storyboard; name = Base; path = Base.lproj/LaunchScreen.storyboard; sourceTree = "<group>"; };
		D7E19B371BEDACF900E6533D /* Info.plist */ = {isa = PBXFileReference; lastKnownFileType = text.plist.xml; path = Info.plist; sourceTree = "<group>"; };
/* End PBXFileReference section */

/* Begin PBXFrameworksBuildPhase section */
		D7E19B221BEDACF900E6533D /* Frameworks */ = {
			isa = PBXFrameworksBuildPhase;
			buildActionMask = 2147483647;
			files = (
				AF80A385222C3F9FBC24BAF2 /* Pods.framework in Frameworks */,
			);
			runOnlyForDeploymentPostprocessing = 0;
		};
/* End PBXFrameworksBuildPhase section */

/* Begin PBXGroup section */
		D7E19B1C1BEDACF900E6533D = {
			isa = PBXGroup;
			children = (
				D7E19B271BEDACF900E6533D /* nexttime */,
				D7E19B261BEDACF900E6533D /* Products */,
				E40BDBE2830C25CF26B205D0 /* Pods */,
				ECEDE7FC17C7AC90248A0C65 /* Frameworks */,
			);
			sourceTree = "<group>";
		};
		D7E19B261BEDACF900E6533D /* Products */ = {
			isa = PBXGroup;
			children = (
				D7E19B251BEDACF900E6533D /* nexttime.app */,
			);
			name = Products;
			sourceTree = "<group>";
		};
		D7E19B271BEDACF900E6533D /* nexttime */ = {
			isa = PBXGroup;
			children = (
				88B41E0C1BEDB57E000C24DE /* NearClient.swift */,
				88B41E0E1BEDB6F4000C24DE /* Reminder.swift */,
				D7E19B281BEDACF900E6533D /* AppDelegate.swift */,
				D7E19B2A1BEDACF900E6533D /* SingleViewController.swift */,
				D7E19B2C1BEDACF900E6533D /* Main.storyboard */,
				D726DA9C1BEDE1B8001A9E6E /* ListViewCell.swift */,
				D726DA9A1BEDD93E001A9E6E /* ListViewController.swift */,
				D7E19B321BEDACF900E6533D /* Assets.xcassets */,
				D7E19B341BEDACF900E6533D /* LaunchScreen.storyboard */,
				D7E19B371BEDACF900E6533D /* Info.plist */,
				D7E19B2F1BEDACF900E6533D /* nexttime.xcdatamodeld */,
				88B41E101BEDBC5E000C24DE /* WithClient.swift */,
				88B41E121BEDBCE0000C24DE /* ReminderClient.swift */,
				D726DA981BEDD8A7001A9E6E /* LoginViewController.swift */,
			);
			path = nexttime;
			sourceTree = "<group>";
		};
		E40BDBE2830C25CF26B205D0 /* Pods */ = {
			isa = PBXGroup;
			children = (
				7836193807BC60A3F2A2946A /* Pods.debug.xcconfig */,
				4AE09C84518A5F87562C8625 /* Pods.release.xcconfig */,
			);
			name = Pods;
			sourceTree = "<group>";
		};
		ECEDE7FC17C7AC90248A0C65 /* Frameworks */ = {
			isa = PBXGroup;
			children = (
				3FCF7E9B4DD011B8CFC4F2F4 /* Pods.framework */,
			);
			name = Frameworks;
			sourceTree = "<group>";
		};
/* End PBXGroup section */

/* Begin PBXNativeTarget section */
		D7E19B241BEDACF900E6533D /* nexttime */ = {
			isa = PBXNativeTarget;
			buildConfigurationList = D7E19B3A1BEDACF900E6533D /* Build configuration list for PBXNativeTarget "nexttime" */;
			buildPhases = (
				EF0DEBD6609E62117F042222 /* Check Pods Manifest.lock */,
				D7E19B211BEDACF900E6533D /* Sources */,
				D7E19B221BEDACF900E6533D /* Frameworks */,
				D7E19B231BEDACF900E6533D /* Resources */,
				8A68AAF8331CCCE575C2FA47 /* Embed Pods Frameworks */,
				7462B1806E8D983E10F30A15 /* Copy Pods Resources */,
			);
			buildRules = (
			);
			dependencies = (
			);
			name = nexttime;
			productName = nexttime;
			productReference = D7E19B251BEDACF900E6533D /* nexttime.app */;
			productType = "com.apple.product-type.application";
		};
/* End PBXNativeTarget section */

/* Begin PBXProject section */
		D7E19B1D1BEDACF900E6533D /* Project object */ = {
			isa = PBXProject;
			attributes = {
				LastSwiftUpdateCheck = 0710;
				LastUpgradeCheck = 0710;
				ORGANIZATIONNAME = NextTime;
				TargetAttributes = {
					D7E19B241BEDACF900E6533D = {
						CreatedOnToolsVersion = 7.1;
					};
				};
			};
			buildConfigurationList = D7E19B201BEDACF900E6533D /* Build configuration list for PBXProject "nexttime" */;
			compatibilityVersion = "Xcode 3.2";
			developmentRegion = English;
			hasScannedForEncodings = 0;
			knownRegions = (
				en,
				Base,
			);
			mainGroup = D7E19B1C1BEDACF900E6533D;
			productRefGroup = D7E19B261BEDACF900E6533D /* Products */;
			projectDirPath = "";
			projectRoot = "";
			targets = (
				D7E19B241BEDACF900E6533D /* nexttime */,
			);
		};
/* End PBXProject section */

/* Begin PBXResourcesBuildPhase section */
		D7E19B231BEDACF900E6533D /* Resources */ = {
			isa = PBXResourcesBuildPhase;
			buildActionMask = 2147483647;
			files = (
				D7E19B361BEDACF900E6533D /* LaunchScreen.storyboard in Resources */,
				D7E19B331BEDACF900E6533D /* Assets.xcassets in Resources */,
				D7E19B2E1BEDACF900E6533D /* Main.storyboard in Resources */,
			);
			runOnlyForDeploymentPostprocessing = 0;
		};
/* End PBXResourcesBuildPhase section */

/* Begin PBXShellScriptBuildPhase section */
		7462B1806E8D983E10F30A15 /* Copy Pods Resources */ = {
			isa = PBXShellScriptBuildPhase;
			buildActionMask = 2147483647;
			files = (
			);
			inputPaths = (
			);
			name = "Copy Pods Resources";
			outputPaths = (
			);
			runOnlyForDeploymentPostprocessing = 0;
			shellPath = /bin/sh;
			shellScript = "\"${SRCROOT}/Pods/Target Support Files/Pods/Pods-resources.sh\"\n";
			showEnvVarsInLog = 0;
		};
		8A68AAF8331CCCE575C2FA47 /* Embed Pods Frameworks */ = {
			isa = PBXShellScriptBuildPhase;
			buildActionMask = 2147483647;
			files = (
			);
			inputPaths = (
			);
			name = "Embed Pods Frameworks";
			outputPaths = (
			);
			runOnlyForDeploymentPostprocessing = 0;
			shellPath = /bin/sh;
			shellScript = "\"${SRCROOT}/Pods/Target Support Files/Pods/Pods-frameworks.sh\"\n";
			showEnvVarsInLog = 0;
		};
		EF0DEBD6609E62117F042222 /* Check Pods Manifest.lock */ = {
			isa = PBXShellScriptBuildPhase;
			buildActionMask = 2147483647;
			files = (
			);
			inputPaths = (
			);
			name = "Check Pods Manifest.lock";
			outputPaths = (
			);
			runOnlyForDeploymentPostprocessing = 0;
			shellPath = /bin/sh;
			shellScript = "diff \"${PODS_ROOT}/../Podfile.lock\" \"${PODS_ROOT}/Manifest.lock\" > /dev/null\nif [[ $? != 0 ]] ; then\n    cat << EOM\nerror: The sandbox is not in sync with the Podfile.lock. Run 'pod install' or update your CocoaPods installation.\nEOM\n    exit 1\nfi\n";
			showEnvVarsInLog = 0;
		};
/* End PBXShellScriptBuildPhase section */

/* Begin PBXSourcesBuildPhase section */
		D7E19B211BEDACF900E6533D /* Sources */ = {
			isa = PBXSourcesBuildPhase;
			buildActionMask = 2147483647;
			files = (
				88B41E0D1BEDB57E000C24DE /* NearClient.swift in Sources */,
				D7E19B2B1BEDACF900E6533D /* SingleViewController.swift in Sources */,
				D726DA9D1BEDE1B8001A9E6E /* ListViewCell.swift in Sources */,
				88B41E111BEDBC5E000C24DE /* WithClient.swift in Sources */,
				88B41E131BEDBCE0000C24DE /* ReminderClient.swift in Sources */,
				D726DA991BEDD8A7001A9E6E /* LoginViewController.swift in Sources */,
				D726DA9B1BEDD93E001A9E6E /* ListViewController.swift in Sources */,
				D7E19B311BEDACF900E6533D /* nexttime.xcdatamodeld in Sources */,
				D7E19B291BEDACF900E6533D /* AppDelegate.swift in Sources */,
				88B41E0F1BEDB6F4000C24DE /* Reminder.swift in Sources */,
			);
			runOnlyForDeploymentPostprocessing = 0;
		};
/* End PBXSourcesBuildPhase section */

/* Begin PBXVariantGroup section */
		D7E19B2C1BEDACF900E6533D /* Main.storyboard */ = {
			isa = PBXVariantGroup;
			children = (
				D7E19B2D1BEDACF900E6533D /* Base */,
			);
			name = Main.storyboard;
			sourceTree = "<group>";
		};
		D7E19B341BEDACF900E6533D /* LaunchScreen.storyboard */ = {
			isa = PBXVariantGroup;
			children = (
				D7E19B351BEDACF900E6533D /* Base */,
			);
			name = LaunchScreen.storyboard;
			sourceTree = "<group>";
		};
/* End PBXVariantGroup section */

/* Begin XCBuildConfiguration section */
		D7E19B381BEDACF900E6533D /* Debug */ = {
			isa = XCBuildConfiguration;
			buildSettings = {
				ALWAYS_SEARCH_USER_PATHS = NO;
				CLANG_CXX_LANGUAGE_STANDARD = "gnu++0x";
				CLANG_CXX_LIBRARY = "libc++";
				CLANG_ENABLE_MODULES = YES;
				CLANG_ENABLE_OBJC_ARC = YES;
				CLANG_WARN_BOOL_CONVERSION = YES;
				CLANG_WARN_CONSTANT_CONVERSION = YES;
				CLANG_WARN_DIRECT_OBJC_ISA_USAGE = YES_ERROR;
				CLANG_WARN_EMPTY_BODY = YES;
				CLANG_WARN_ENUM_CONVERSION = YES;
				CLANG_WARN_INT_CONVERSION = YES;
				CLANG_WARN_OBJC_ROOT_CLASS = YES_ERROR;
				CLANG_WARN_UNREACHABLE_CODE = YES;
				CLANG_WARN__DUPLICATE_METHOD_MATCH = YES;
				"CODE_SIGN_IDENTITY[sdk=iphoneos*]" = "iPhone Developer";
				COPY_PHASE_STRIP = NO;
				DEBUG_INFORMATION_FORMAT = dwarf;
				ENABLE_STRICT_OBJC_MSGSEND = YES;
				ENABLE_TESTABILITY = YES;
				GCC_C_LANGUAGE_STANDARD = gnu99;
				GCC_DYNAMIC_NO_PIC = NO;
				GCC_NO_COMMON_BLOCKS = YES;
				GCC_OPTIMIZATION_LEVEL = 0;
				GCC_PREPROCESSOR_DEFINITIONS = (
					"DEBUG=1",
					"$(inherited)",
				);
				GCC_WARN_64_TO_32_BIT_CONVERSION = YES;
				GCC_WARN_ABOUT_RETURN_TYPE = YES_ERROR;
				GCC_WARN_UNDECLARED_SELECTOR = YES;
				GCC_WARN_UNINITIALIZED_AUTOS = YES_AGGRESSIVE;
				GCC_WARN_UNUSED_FUNCTION = YES;
				GCC_WARN_UNUSED_VARIABLE = YES;
				IPHONEOS_DEPLOYMENT_TARGET = 9.1;
				MTL_ENABLE_DEBUG_INFO = YES;
				ONLY_ACTIVE_ARCH = YES;
				SDKROOT = iphoneos;
				SWIFT_OPTIMIZATION_LEVEL = "-Onone";
			};
			name = Debug;
		};
		D7E19B391BEDACF900E6533D /* Release */ = {
			isa = XCBuildConfiguration;
			buildSettings = {
				ALWAYS_SEARCH_USER_PATHS = NO;
				CLANG_CXX_LANGUAGE_STANDARD = "gnu++0x";
				CLANG_CXX_LIBRARY = "libc++";
				CLANG_ENABLE_MODULES = YES;
				CLANG_ENABLE_OBJC_ARC = YES;
				CLANG_WARN_BOOL_CONVERSION = YES;
				CLANG_WARN_CONSTANT_CONVERSION = YES;
				CLANG_WARN_DIRECT_OBJC_ISA_USAGE = YES_ERROR;
				CLANG_WARN_EMPTY_BODY = YES;
				CLANG_WARN_ENUM_CONVERSION = YES;
				CLANG_WARN_INT_CONVERSION = YES;
				CLANG_WARN_OBJC_ROOT_CLASS = YES_ERROR;
				CLANG_WARN_UNREACHABLE_CODE = YES;
				CLANG_WARN__DUPLICATE_METHOD_MATCH = YES;
				"CODE_SIGN_IDENTITY[sdk=iphoneos*]" = "iPhone Developer";
				COPY_PHASE_STRIP = NO;
				DEBUG_INFORMATION_FORMAT = "dwarf-with-dsym";
				ENABLE_NS_ASSERTIONS = NO;
				ENABLE_STRICT_OBJC_MSGSEND = YES;
				GCC_C_LANGUAGE_STANDARD = gnu99;
				GCC_NO_COMMON_BLOCKS = YES;
				GCC_WARN_64_TO_32_BIT_CONVERSION = YES;
				GCC_WARN_ABOUT_RETURN_TYPE = YES_ERROR;
				GCC_WARN_UNDECLARED_SELECTOR = YES;
				GCC_WARN_UNINITIALIZED_AUTOS = YES_AGGRESSIVE;
				GCC_WARN_UNUSED_FUNCTION = YES;
				GCC_WARN_UNUSED_VARIABLE = YES;
				IPHONEOS_DEPLOYMENT_TARGET = 9.1;
				MTL_ENABLE_DEBUG_INFO = NO;
				SDKROOT = iphoneos;
				VALIDATE_PRODUCT = YES;
			};
			name = Release;
		};
		D7E19B3B1BEDACF900E6533D /* Debug */ = {
			isa = XCBuildConfiguration;
			baseConfigurationReference = 7836193807BC60A3F2A2946A /* Pods.debug.xcconfig */;
			buildSettings = {
				ASSETCATALOG_COMPILER_APPICON_NAME = AppIcon;
				INFOPLIST_FILE = nexttime/Info.plist;
				LD_RUNPATH_SEARCH_PATHS = "$(inherited) @executable_path/Frameworks";
				PRODUCT_BUNDLE_IDENTIFIER = com.nexttime.nexttime;
				PRODUCT_NAME = "$(TARGET_NAME)";
			};
			name = Debug;
		};
		D7E19B3C1BEDACF900E6533D /* Release */ = {
			isa = XCBuildConfiguration;
			baseConfigurationReference = 4AE09C84518A5F87562C8625 /* Pods.release.xcconfig */;
			buildSettings = {
				ASSETCATALOG_COMPILER_APPICON_NAME = AppIcon;
				INFOPLIST_FILE = nexttime/Info.plist;
				LD_RUNPATH_SEARCH_PATHS = "$(inherited) @executable_path/Frameworks";
				PRODUCT_BUNDLE_IDENTIFIER = com.nexttime.nexttime;
				PRODUCT_NAME = "$(TARGET_NAME)";
			};
			name = Release;
		};
/* End XCBuildConfiguration section */

/* Begin XCConfigurationList section */
		D7E19B201BEDACF900E6533D /* Build configuration list for PBXProject "nexttime" */ = {
			isa = XCConfigurationList;
			buildConfigurations = (
				D7E19B381BEDACF900E6533D /* Debug */,
				D7E19B391BEDACF900E6533D /* Release */,
			);
			defaultConfigurationIsVisible = 0;
			defaultConfigurationName = Release;
		};
		D7E19B3A1BEDACF900E6533D /* Build configuration list for PBXNativeTarget "nexttime" */ = {
			isa = XCConfigurationList;
			buildConfigurations = (
				D7E19B3B1BEDACF900E6533D /* Debug */,
				D7E19B3C1BEDACF900E6533D /* Release */,
			);
			defaultConfigurationIsVisible = 0;
			defaultConfigurationName = Release;
		};
/* End XCConfigurationList section */

/* Begin XCVersionGroup section */
		D7E19B2F1BEDACF900E6533D /* nexttime.xcdatamodeld */ = {
			isa = XCVersionGroup;
			children = (
				D7E19B301BEDACF900E6533D /* nexttime.xcdatamodel */,
			);
			currentVersion = D7E19B301BEDACF900E6533D /* nexttime.xcdatamodel */;
			path = nexttime.xcdatamodeld;
			sourceTree = "<group>";
			versionGroupType = wrapper.xcdatamodel;
		};
/* End XCVersionGroup section */
	};
	rootObject = D7E19B1D1BEDACF900E6533D /* Project object */;
}
